
Microsoft Visual Studio Solution File, Format Version 12.00
# Visual Studio Version 16
VisualStudioVersion = 16.0.29411.108
MinimumVisualStudioVersion = 10.0.40219.1
Project("{8BC9CEB8-8B4A-11D0-8D11-00A0C91BC942}") = "4 (isDigit)", "4 (isDigit)\4 (isDigit).vcxproj", "{A2828E4C-9517-4D01-875F-D8B54C8DA174}"
EndProject
Global
	GlobalSection(SolutionConfigurationPlatforms) = preSolution
		Debug|x64 = Debug|x64
		Debug|x86 = Debug|x86
		Release|x64 = Release|x64
		Release|x86 = Release|x86
	EndGlobalSection
	GlobalSection(ProjectConfigurationPlatforms) = postSolution
		{A2828E4C-9517-4D01-875F-D8B54C8DA174}.Debug|x64.ActiveCfg = Debug|x64
		{A2828E4C-9517-4D01-875F-D8B54C8DA174}.Debug|x64.Build.0 = Debug|x64
		{A2828E4C-9517-4D01-875F-D8B54C8DA174}.Debug|x86.ActiveCfg = Debug|Win32
		{A2828E4C-9517-4D01-875F-D8B54C8DA174}.Debug|x86.Build.0 = Debug|Win32
		{A2828E4C-9517-4D01-875F-D8B54C8DA174}.Release|x64.ActiveCfg = Release|x64
		{A2828E4C-9517-4D01-875F-D8B54C8DA174}.Release|x64.Build.0 = Release|x64
		{A2828E4C-9517-4D01-875F-D8B54C8DA174}.Release|x86.ActiveCfg = Release|Win32
		{A2828E4C-9517-4D01-875F-D8B54C8DA174}.Release|x86.Build.0 = Release|Win32
	EndGlobalSection
	GlobalSection(SolutionProperties) = preSolution
		HideSolutionNode = FALSE
	EndGlobalSection
	GlobalSection(ExtensibilityGlobals) = postSolution
		SolutionGuid = {AFFE12D7-03BF-4C89-A9EF-5EA58F4ABB6F}
	EndGlobalSection
EndGlobal
