
Microsoft Visual Studio Solution File, Format Version 12.00
# Visual Studio Version 16
VisualStudioVersion = 16.0.29306.81
MinimumVisualStudioVersion = 10.0.40219.1
Project("{8BC9CEB8-8B4A-11D0-8D11-00A0C91BC942}") = "SaveLoader", "SaveLoader\SaveLoader.vcxproj", "{05948BFA-B331-4174-AC9B-5D2536CF3B1C}"
EndProject
Global
	GlobalSection(SolutionConfigurationPlatforms) = preSolution
		Debug|x64 = Debug|x64
		Debug|x86 = Debug|x86
		Release|x64 = Release|x64
		Release|x86 = Release|x86
	EndGlobalSection
	GlobalSection(ProjectConfigurationPlatforms) = postSolution
		{05948BFA-B331-4174-AC9B-5D2536CF3B1C}.Debug|x64.ActiveCfg = Debug|x64
		{05948BFA-B331-4174-AC9B-5D2536CF3B1C}.Debug|x64.Build.0 = Debug|x64
		{05948BFA-B331-4174-AC9B-5D2536CF3B1C}.Debug|x86.ActiveCfg = Debug|Win32
		{05948BFA-B331-4174-AC9B-5D2536CF3B1C}.Debug|x86.Build.0 = Debug|Win32
		{05948BFA-B331-4174-AC9B-5D2536CF3B1C}.Release|x64.ActiveCfg = Release|x64
		{05948BFA-B331-4174-AC9B-5D2536CF3B1C}.Release|x64.Build.0 = Release|x64
		{05948BFA-B331-4174-AC9B-5D2536CF3B1C}.Release|x86.ActiveCfg = Release|Win32
		{05948BFA-B331-4174-AC9B-5D2536CF3B1C}.Release|x86.Build.0 = Release|Win32
	EndGlobalSection
	GlobalSection(SolutionProperties) = preSolution
		HideSolutionNode = FALSE
	EndGlobalSection
	GlobalSection(ExtensibilityGlobals) = postSolution
		SolutionGuid = {3AEDC83F-F4E2-48AA-B757-573727C53825}
	EndGlobalSection
EndGlobal
